PODS:
  - Charts (3.0.1):
    - Charts/Core (= 3.0.1)
  - Charts/Core (3.0.1)
  - SWRevealViewController (2.3.0)

DEPENDENCIES:
  - Charts (~> 3.0.1)
  - SWRevealViewController (~> 2.3.0)

SPEC CHECKSUMS:
  Charts: 0e84f4418e87dad6a9edde221fba37ebb51d3ba7
  SWRevealViewController: 6d3fd97f70112fd7cef9de14df4260eacce4c63a

PODFILE CHECKSUM: 7910daeda6b59bcf696a0b6537f3501d85f51fa3

COCOAPODS: 1.2.0.beta.3
