// !$*UTF8*$!
{
	archiveVersion = 1;
	classes = {
	};
	objectVersion = 46;
	objects = {

/* Begin PBXBuildFile section */
		5F17DA2F1EC5F8AD00D93AA3 /* BudgetTableViewCell.swift in Sources */ = {isa = PBXBuildFile; fileRef = 5F17DA2E1EC5F8AD00D93AA3 /* BudgetTableViewCell.swift */; };
		5F2A88741ECA0D3E00D47036 /* Categories.swift in Sources */ = {isa = PBXBuildFile; fileRef = 5F2A88731ECA0D3E00D47036 /* Categories.swift */; };
		5F6416D61EBFDE8100683F80 /* AppDelegate.swift in Sources */ = {isa = PBXBuildFile; fileRef = 5F6416D51EBFDE8100683F80 /* AppDelegate.swift */; };
		5F6416DB1EBFDE8100683F80 /* Main.storyboard in Resources */ = {isa = PBXBuildFile; fileRef = 5F6416D91EBFDE8100683F80 /* Main.storyboard */; };
		5F6416E01EBFDE8100683F80 /* Assets.xcassets in Resources */ = {isa = PBXBuildFile; fileRef = 5F6416DF1EBFDE8100683F80 /* Assets.xcassets */; };
		5F6416E31EBFDE8100683F80 /* LaunchScreen.storyboard in Resources */ = {isa = PBXBuildFile; fileRef = 5F6416E11EBFDE8100683F80 /* LaunchScreen.storyboard */; };
		5F6416F11EBFECD700683F80 /* BudgetViewController.swift in Sources */ = {isa = PBXBuildFile; fileRef = 5F6416F01EBFECD700683F80 /* BudgetViewController.swift */; };
		5F6416F71EBFFA2700683F80 /* FeedViewController.swift in Sources */ = {isa = PBXBuildFile; fileRef = 5F6416F61EBFFA2700683F80 /* FeedViewController.swift */; };
		5F6416FA1EC0053400683F80 /* NavBar.swift in Sources */ = {isa = PBXBuildFile; fileRef = 5F6416F91EC0053400683F80 /* NavBar.swift */; };
		5F6416FE1EC00E5000683F80 /* PodcastsViewController.swift in Sources */ = {isa = PBXBuildFile; fileRef = 5F6416FD1EC00E5000683F80 /* PodcastsViewController.swift */; };
		5F6417001EC00E5A00683F80 /* SettingsViewController.swift in Sources */ = {isa = PBXBuildFile; fileRef = 5F6416FF1EC00E5A00683F80 /* SettingsViewController.swift */; };
		5F6417021EC00E6300683F80 /* HelpViewController.swift in Sources */ = {isa = PBXBuildFile; fileRef = 5F6417011EC00E6300683F80 /* HelpViewController.swift */; };
		5F6417091EC10F0F00683F80 /* ExpenseViewController.swift in Sources */ = {isa = PBXBuildFile; fileRef = 5F6417081EC10F0F00683F80 /* ExpenseViewController.swift */; };
		5F64170C1EC1143000683F80 /* Expense.swift in Sources */ = {isa = PBXBuildFile; fileRef = 5F64170B1EC1143000683F80 /* Expense.swift */; };
		5F6417101EC2AB9100683F80 /* DateHelper.swift in Sources */ = {isa = PBXBuildFile; fileRef = 5F64170F1EC2AB9100683F80 /* DateHelper.swift */; };
		5FA31FD81EC8B6F100F1CBA6 /* Category.swift in Sources */ = {isa = PBXBuildFile; fileRef = 5FA31FD71EC8B6F100F1CBA6 /* Category.swift */; };
		BD8AB03A6E552A8AF93B4D40 /* Pods_Budget.framework in Frameworks */ = {isa = PBXBuildFile; fileRef = 39F3AAC3E02BD987A11727CA /* Pods_Budget.framework */; };
/* End PBXBuildFile section */

/* Begin PBXFileReference section */
		39F3AAC3E02BD987A11727CA /* Pods_Budget.framework */ = {isa = PBXFileReference; explicitFileType = wrapper.framework; includeInIndex = 0; path = Pods_Budget.framework; sourceTree = BUILT_PRODUCTS_DIR; };
		5F17DA2E1EC5F8AD00D93AA3 /* BudgetTableViewCell.swift */ = {isa = PBXFileReference; fileEncoding = 4; lastKnownFileType = sourcecode.swift; path = BudgetTableViewCell.swift; sourceTree = "<group>"; };
		5F2A88731ECA0D3E00D47036 /* Categories.swift */ = {isa = PBXFileReference; fileEncoding = 4; lastKnownFileType = sourcecode.swift; path = Categories.swift; sourceTree = "<group>"; };
		5F6416D21EBFDE8100683F80 /* Budget.app */ = {isa = PBXFileReference; explicitFileType = wrapper.application; includeInIndex = 0; path = Budget.app; sourceTree = BUILT_PRODUCTS_DIR; };
		5F6416D51EBFDE8100683F80 /* AppDelegate.swift */ = {isa = PBXFileReference; lastKnownFileType = sourcecode.swift; path = AppDelegate.swift; sourceTree = "<group>"; };
		5F6416DA1EBFDE8100683F80 /* Base */ = {isa = PBXFileReference; lastKnownFileType = file.storyboard; name = Base; path = Base.lproj/Main.storyboard; sourceTree = "<group>"; };
		5F6416DF1EBFDE8100683F80 /* Assets.xcassets */ = {isa = PBXFileReference; lastKnownFileType = folder.assetcatalog; path = Assets.xcassets; sourceTree = "<group>"; };
		5F6416E21EBFDE8100683F80 /* Base */ = {isa = PBXFileReference; lastKnownFileType = file.storyboard; name = Base; path = Base.lproj/LaunchScreen.storyboard; sourceTree = "<group>"; };
		5F6416E41EBFDE8100683F80 /* Info.plist */ = {isa = PBXFileReference; lastKnownFileType = text.plist.xml; path = Info.plist; sourceTree = "<group>"; };
		5F6416F01EBFECD700683F80 /* BudgetViewController.swift */ = {isa = PBXFileReference; fileEncoding = 4; lastKnownFileType = sourcecode.swift; path = BudgetViewController.swift; sourceTree = "<group>"; };
		5F6416F51EBFF1D200683F80 /* Budget-Bridging-Header.h */ = {isa = PBXFileReference; lastKnownFileType = sourcecode.c.h; path = "Budget-Bridging-Header.h"; sourceTree = "<group>"; };
		5F6416F61EBFFA2700683F80 /* FeedViewController.swift */ = {isa = PBXFileReference; fileEncoding = 4; lastKnownFileType = sourcecode.swift; path = FeedViewController.swift; sourceTree = "<group>"; };
		5F6416F91EC0053400683F80 /* NavBar.swift */ = {isa = PBXFileReference; fileEncoding = 4; lastKnownFileType = sourcecode.swift; path = NavBar.swift; sourceTree = "<group>"; };
		5F6416FD1EC00E5000683F80 /* PodcastsViewController.swift */ = {isa = PBXFileReference; fileEncoding = 4; lastKnownFileType = sourcecode.swift; path = PodcastsViewController.swift; sourceTree = "<group>"; };
		5F6416FF1EC00E5A00683F80 /* SettingsViewController.swift */ = {isa = PBXFileReference; fileEncoding = 4; lastKnownFileType = sourcecode.swift; path = SettingsViewController.swift; sourceTree = "<group>"; };
		5F6417011EC00E6300683F80 /* HelpViewController.swift */ = {isa = PBXFileReference; fileEncoding = 4; lastKnownFileType = sourcecode.swift; path = HelpViewController.swift; sourceTree = "<group>"; };
		5F6417081EC10F0F00683F80 /* ExpenseViewController.swift */ = {isa = PBXFileReference; fileEncoding = 4; lastKnownFileType = sourcecode.swift; path = ExpenseViewController.swift; sourceTree = "<group>"; };
		5F64170B1EC1143000683F80 /* Expense.swift */ = {isa = PBXFileReference; fileEncoding = 4; lastKnownFileType = sourcecode.swift; path = Expense.swift; sourceTree = "<group>"; };
		5F64170F1EC2AB9100683F80 /* DateHelper.swift */ = {isa = PBXFileReference; fileEncoding = 4; lastKnownFileType = sourcecode.swift; path = DateHelper.swift; sourceTree = "<group>"; };
		5FA31FD71EC8B6F100F1CBA6 /* Category.swift */ = {isa = PBXFileReference; fileEncoding = 4; lastKnownFileType = sourcecode.swift; path = Category.swift; sourceTree = "<group>"; };
		BF3B414E82D971E0A483420F /* Pods-Budget.release.xcconfig */ = {isa = PBXFileReference; includeInIndex = 1; lastKnownFileType = text.xcconfig; name = "Pods-Budget.release.xcconfig"; path = "Pods/Target Support Files/Pods-Budget/Pods-Budget.release.xcconfig"; sourceTree = "<group>"; };
		DDB7002284E360D02A4583F0 /* Pods-Budget.debug.xcconfig */ = {isa = PBXFileReference; includeInIndex = 1; lastKnownFileType = text.xcconfig; name = "Pods-Budget.debug.xcconfig"; path = "Pods/Target Support Files/Pods-Budget/Pods-Budget.debug.xcconfig"; sourceTree = "<group>"; };
/* End PBXFileReference section */

/* Begin PBXFrameworksBuildPhase section */
		5F6416CF1EBFDE8100683F80 /* Frameworks */ = {
			isa = PBXFrameworksBuildPhase;
			buildActionMask = 2147483647;
			files = (
				BD8AB03A6E552A8AF93B4D40 /* Pods_Budget.framework in Frameworks */,
			);
			runOnlyForDeploymentPostprocessing = 0;
		};
/* End PBXFrameworksBuildPhase section */

/* Begin PBXGroup section */
		0E25DEF807A02063109A3BDD /* Pods */ = {
			isa = PBXGroup;
			children = (
				DDB7002284E360D02A4583F0 /* Pods-Budget.debug.xcconfig */,
				BF3B414E82D971E0A483420F /* Pods-Budget.release.xcconfig */,
			);
			name = Pods;
			sourceTree = "<group>";
		};
		5F17DA2D1EC5F87D00D93AA3 /* Cells */ = {
			isa = PBXGroup;
			children = (
				5F17DA2E1EC5F8AD00D93AA3 /* BudgetTableViewCell.swift */,
			);
			name = Cells;
			sourceTree = "<group>";
		};
		5F6416C91EBFDE8100683F80 = {
			isa = PBXGroup;
			children = (
				5F6416F51EBFF1D200683F80 /* Budget-Bridging-Header.h */,
				5F6416D41EBFDE8100683F80 /* Budget */,
				5F6416D31EBFDE8100683F80 /* Products */,
				0E25DEF807A02063109A3BDD /* Pods */,
				9A24E82FEE69CF2048AB48FD /* Frameworks */,
			);
			sourceTree = "<group>";
		};
		5F6416D31EBFDE8100683F80 /* Products */ = {
			isa = PBXGroup;
			children = (
				5F6416D21EBFDE8100683F80 /* Budget.app */,
			);
			name = Products;
			sourceTree = "<group>";
		};
		5F6416D41EBFDE8100683F80 /* Budget */ = {
			isa = PBXGroup;
			children = (
				5F64170A1EC1142000683F80 /* Models */,
				5F17DA2D1EC5F87D00D93AA3 /* Cells */,
				5F6416EA1EBFE99200683F80 /* View Controllers */,
				5F6416F81EC0051600683F80 /* Helpers */,
				5F6416D51EBFDE8100683F80 /* AppDelegate.swift */,
				5F6416D91EBFDE8100683F80 /* Main.storyboard */,
				5F6416DF1EBFDE8100683F80 /* Assets.xcassets */,
				5F6416E11EBFDE8100683F80 /* LaunchScreen.storyboard */,
				5F6416E41EBFDE8100683F80 /* Info.plist */,
			);
			path = Budget;
			sourceTree = "<group>";
		};
		5F6416EA1EBFE99200683F80 /* View Controllers */ = {
			isa = PBXGroup;
			children = (
				5F6417031EC10E5800683F80 /* Budget */,
				5F6417041EC10E6200683F80 /* Feed */,
				5F6417051EC10E6600683F80 /* Podcasts */,
				5F6417061EC10E7200683F80 /* Settings */,
				5F6417071EC10E7C00683F80 /* Help */,
			);
			name = "View Controllers";
			sourceTree = "<group>";
		};
		5F6416F81EC0051600683F80 /* Helpers */ = {
			isa = PBXGroup;
			children = (
				5F6416F91EC0053400683F80 /* NavBar.swift */,
				5F64170F1EC2AB9100683F80 /* DateHelper.swift */,
				5F2A88731ECA0D3E00D47036 /* Categories.swift */,
			);
			name = Helpers;
			sourceTree = "<group>";
		};
		5F6417031EC10E5800683F80 /* Budget */ = {
			isa = PBXGroup;
			children = (
				5F6416F01EBFECD700683F80 /* BudgetViewController.swift */,
				5F6417081EC10F0F00683F80 /* ExpenseViewController.swift */,
			);
			name = Budget;
			sourceTree = "<group>";
		};
		5F6417041EC10E6200683F80 /* Feed */ = {
			isa = PBXGroup;
			children = (
				5F6416F61EBFFA2700683F80 /* FeedViewController.swift */,
			);
			name = Feed;
			sourceTree = "<group>";
		};
		5F6417051EC10E6600683F80 /* Podcasts */ = {
			isa = PBXGroup;
			children = (
				5F6416FD1EC00E5000683F80 /* PodcastsViewController.swift */,
			);
			name = Podcasts;
			sourceTree = "<group>";
		};
		5F6417061EC10E7200683F80 /* Settings */ = {
			isa = PBXGroup;
			children = (
				5F6416FF1EC00E5A00683F80 /* SettingsViewController.swift */,
			);
			name = Settings;
			sourceTree = "<group>";
		};
		5F6417071EC10E7C00683F80 /* Help */ = {
			isa = PBXGroup;
			children = (
				5F6417011EC00E6300683F80 /* HelpViewController.swift */,
			);
			name = Help;
			sourceTree = "<group>";
		};
		5F64170A1EC1142000683F80 /* Models */ = {
			isa = PBXGroup;
			children = (
				5F64170B1EC1143000683F80 /* Expense.swift */,
				5FA31FD71EC8B6F100F1CBA6 /* Category.swift */,
			);
			name = Models;
			sourceTree = "<group>";
		};
		9A24E82FEE69CF2048AB48FD /* Frameworks */ = {
			isa = PBXGroup;
			children = (
				39F3AAC3E02BD987A11727CA /* Pods_Budget.framework */,
			);
			name = Frameworks;
			sourceTree = "<group>";
		};
/* End PBXGroup section */

/* Begin PBXNativeTarget section */
		5F6416D11EBFDE8100683F80 /* Budget */ = {
			isa = PBXNativeTarget;
			buildConfigurationList = 5F6416E71EBFDE8100683F80 /* Build configuration list for PBXNativeTarget "Budget" */;
			buildPhases = (
				368FEEA08584686955D94AFD /* [CP] Check Pods Manifest.lock */,
				5F6416CE1EBFDE8100683F80 /* Sources */,
				5F6416CF1EBFDE8100683F80 /* Frameworks */,
				5F6416D01EBFDE8100683F80 /* Resources */,
				083FFD28E61D99A95BDDE1FF /* [CP] Embed Pods Frameworks */,
				4E8430DCE39C6817BCD9B544 /* [CP] Copy Pods Resources */,
			);
			buildRules = (
			);
			dependencies = (
			);
			name = Budget;
			productName = Budget;
			productReference = 5F6416D21EBFDE8100683F80 /* Budget.app */;
			productType = "com.apple.product-type.application";
		};
/* End PBXNativeTarget section */

/* Begin PBXProject section */
		5F6416CA1EBFDE8100683F80 /* Project object */ = {
			isa = PBXProject;
			attributes = {
				LastSwiftUpdateCheck = 0830;
				LastUpgradeCheck = 0830;
				ORGANIZATIONNAME = "Marcus Ng";
				TargetAttributes = {
					5F6416D11EBFDE8100683F80 = {
						CreatedOnToolsVersion = 8.3.2;
						DevelopmentTeam = 8YCPCF4H7X;
						LastSwiftMigration = 0830;
						ProvisioningStyle = Automatic;
					};
				};
			};
			buildConfigurationList = 5F6416CD1EBFDE8100683F80 /* Build configuration list for PBXProject "Budget" */;
			compatibilityVersion = "Xcode 3.2";
			developmentRegion = English;
			hasScannedForEncodings = 0;
			knownRegions = (
				en,
				Base,
			);
			mainGroup = 5F6416C91EBFDE8100683F80;
			productRefGroup = 5F6416D31EBFDE8100683F80 /* Products */;
			projectDirPath = "";
			projectRoot = "";
			targets = (
				5F6416D11EBFDE8100683F80 /* Budget */,
			);
		};
/* End PBXProject section */

/* Begin PBXResourcesBuildPhase section */
		5F6416D01EBFDE8100683F80 /* Resources */ = {
			isa = PBXResourcesBuildPhase;
			buildActionMask = 2147483647;
			files = (
				5F6416E31EBFDE8100683F80 /* LaunchScreen.storyboard in Resources */,
				5F6416E01EBFDE8100683F80 /* Assets.xcassets in Resources */,
				5F6416DB1EBFDE8100683F80 /* Main.storyboard in Resources */,
			);
			runOnlyForDeploymentPostprocessing = 0;
		};
/* End PBXResourcesBuildPhase section */

/* Begin PBXShellScriptBuildPhase section */
		083FFD28E61D99A95BDDE1FF /* [CP] Embed Pods Frameworks */ = {
			isa = PBXShellScriptBuildPhase;
			buildActionMask = 2147483647;
			files = (
			);
			inputPaths = (
			);
			name = "[CP] Embed Pods Frameworks";
			outputPaths = (
			);
			runOnlyForDeploymentPostprocessing = 0;
			shellPath = /bin/sh;
			shellScript = "\"${SRCROOT}/Pods/Target Support Files/Pods-Budget/Pods-Budget-frameworks.sh\"\n";
			showEnvVarsInLog = 0;
		};
		368FEEA08584686955D94AFD /* [CP] Check Pods Manifest.lock */ = {
			isa = PBXShellScriptBuildPhase;
			buildActionMask = 2147483647;
			files = (
			);
			inputPaths = (
			);
			name = "[CP] Check Pods Manifest.lock";
			outputPaths = (
			);
			runOnlyForDeploymentPostprocessing = 0;
			shellPath = /bin/sh;
			shellScript = "diff \"${PODS_PODFILE_DIR_PATH}/Podfile.lock\" \"${PODS_ROOT}/Manifest.lock\" > /dev/null\nif [ $? != 0 ] ; then\n    # print error to STDERR\n    echo \"error: The sandbox is not in sync with the Podfile.lock. Run 'pod install' or update your CocoaPods installation.\" >&2\n    exit 1\nfi\n";
			showEnvVarsInLog = 0;
		};
		4E8430DCE39C6817BCD9B544 /* [CP] Copy Pods Resources */ = {
			isa = PBXShellScriptBuildPhase;
			buildActionMask = 2147483647;
			files = (
			);
			inputPaths = (
			);
			name = "[CP] Copy Pods Resources";
			outputPaths = (
			);
			runOnlyForDeploymentPostprocessing = 0;
			shellPath = /bin/sh;
			shellScript = "\"${SRCROOT}/Pods/Target Support Files/Pods-Budget/Pods-Budget-resources.sh\"\n";
			showEnvVarsInLog = 0;
		};
/* End PBXShellScriptBuildPhase section */

/* Begin PBXSourcesBuildPhase section */
		5F6416CE1EBFDE8100683F80 /* Sources */ = {
			isa = PBXSourcesBuildPhase;
			buildActionMask = 2147483647;
			files = (
				5F6416FA1EC0053400683F80 /* NavBar.swift in Sources */,
				5F6416FE1EC00E5000683F80 /* PodcastsViewController.swift in Sources */,
				5F6417001EC00E5A00683F80 /* SettingsViewController.swift in Sources */,
				5F6417021EC00E6300683F80 /* HelpViewController.swift in Sources */,
				5F6416D61EBFDE8100683F80 /* AppDelegate.swift in Sources */,
				5F6417101EC2AB9100683F80 /* DateHelper.swift in Sources */,
				5F6417091EC10F0F00683F80 /* ExpenseViewController.swift in Sources */,
				5FA31FD81EC8B6F100F1CBA6 /* Category.swift in Sources */,
				5F64170C1EC1143000683F80 /* Expense.swift in Sources */,
				5F6416F71EBFFA2700683F80 /* FeedViewController.swift in Sources */,
				5F17DA2F1EC5F8AD00D93AA3 /* BudgetTableViewCell.swift in Sources */,
				5F6416F11EBFECD700683F80 /* BudgetViewController.swift in Sources */,
				5F2A88741ECA0D3E00D47036 /* Categories.swift in Sources */,
			);
			runOnlyForDeploymentPostprocessing = 0;
		};
/* End PBXSourcesBuildPhase section */

/* Begin PBXVariantGroup section */
		5F6416D91EBFDE8100683F80 /* Main.storyboard */ = {
			isa = PBXVariantGroup;
			children = (
				5F6416DA1EBFDE8100683F80 /* Base */,
			);
			name = Main.storyboard;
			sourceTree = "<group>";
		};
		5F6416E11EBFDE8100683F80 /* LaunchScreen.storyboard */ = {
			isa = PBXVariantGroup;
			children = (
				5F6416E21EBFDE8100683F80 /* Base */,
			);
			name = LaunchScreen.storyboard;
			sourceTree = "<group>";
		};
/* End PBXVariantGroup section */

/* Begin XCBuildConfiguration section */
		5F6416E51EBFDE8100683F80 /* Debug */ = {
			isa = XCBuildConfiguration;
			buildSettings = {
				ALWAYS_SEARCH_USER_PATHS = NO;
				CLANG_ANALYZER_NONNULL = YES;
				CLANG_ANALYZER_NUMBER_OBJECT_CONVERSION = YES_AGGRESSIVE;
				CLANG_CXX_LANGUAGE_STANDARD = "gnu++0x";
				CLANG_CXX_LIBRARY = "libc++";
				CLANG_ENABLE_MODULES = YES;
				CLANG_ENABLE_OBJC_ARC = YES;
				CLANG_WARN_BOOL_CONVERSION = YES;
				CLANG_WARN_CONSTANT_CONVERSION = YES;
				CLANG_WARN_DIRECT_OBJC_ISA_USAGE = YES_ERROR;
				CLANG_WARN_DOCUMENTATION_COMMENTS = YES;
				CLANG_WARN_EMPTY_BODY = YES;
				CLANG_WARN_ENUM_CONVERSION = YES;
				CLANG_WARN_INFINITE_RECURSION = YES;
				CLANG_WARN_INT_CONVERSION = YES;
				CLANG_WARN_OBJC_ROOT_CLASS = YES_ERROR;
				CLANG_WARN_SUSPICIOUS_MOVE = YES;
				CLANG_WARN_UNREACHABLE_CODE = YES;
				CLANG_WARN__DUPLICATE_METHOD_MATCH = YES;
				"CODE_SIGN_IDENTITY[sdk=iphoneos*]" = "iPhone Developer";
				COPY_PHASE_STRIP = NO;
				DEBUG_INFORMATION_FORMAT = dwarf;
				ENABLE_STRICT_OBJC_MSGSEND = YES;
				ENABLE_TESTABILITY = YES;
				GCC_C_LANGUAGE_STANDARD = gnu99;
				GCC_DYNAMIC_NO_PIC = NO;
				GCC_NO_COMMON_BLOCKS = YES;
				GCC_OPTIMIZATION_LEVEL = 0;
				GCC_PREPROCESSOR_DEFINITIONS = (
					"DEBUG=1",
					"$(inherited)",
				);
				GCC_WARN_64_TO_32_BIT_CONVERSION = YES;
				GCC_WARN_ABOUT_RETURN_TYPE = YES_ERROR;
				GCC_WARN_UNDECLARED_SELECTOR = YES;
				GCC_WARN_UNINITIALIZED_AUTOS = YES_AGGRESSIVE;
				GCC_WARN_UNUSED_FUNCTION = YES;
				GCC_WARN_UNUSED_VARIABLE = YES;
				IPHONEOS_DEPLOYMENT_TARGET = 10.3;
				MTL_ENABLE_DEBUG_INFO = YES;
				ONLY_ACTIVE_ARCH = YES;
				SDKROOT = iphoneos;
				SWIFT_ACTIVE_COMPILATION_CONDITIONS = DEBUG;
				SWIFT_OPTIMIZATION_LEVEL = "-Onone";
			};
			name = Debug;
		};
		5F6416E61EBFDE8100683F80 /* Release */ = {
			isa = XCBuildConfiguration;
			buildSettings = {
				ALWAYS_SEARCH_USER_PATHS = NO;
				CLANG_ANALYZER_NONNULL = YES;
				CLANG_ANALYZER_NUMBER_OBJECT_CONVERSION = YES_AGGRESSIVE;
				CLANG_CXX_LANGUAGE_STANDARD = "gnu++0x";
				CLANG_CXX_LIBRARY = "libc++";
				CLANG_ENABLE_MODULES = YES;
				CLANG_ENABLE_OBJC_ARC = YES;
				CLANG_WARN_BOOL_CONVERSION = YES;
				CLANG_WARN_CONSTANT_CONVERSION = YES;
				CLANG_WARN_DIRECT_OBJC_ISA_USAGE = YES_ERROR;
				CLANG_WARN_DOCUMENTATION_COMMENTS = YES;
				CLANG_WARN_EMPTY_BODY = YES;
				CLANG_WARN_ENUM_CONVERSION = YES;
				CLANG_WARN_INFINITE_RECURSION = YES;
				CLANG_WARN_INT_CONVERSION = YES;
				CLANG_WARN_OBJC_ROOT_CLASS = YES_ERROR;
				CLANG_WARN_SUSPICIOUS_MOVE = YES;
				CLANG_WARN_UNREACHABLE_CODE = YES;
				CLANG_WARN__DUPLICATE_METHOD_MATCH = YES;
				"CODE_SIGN_IDENTITY[sdk=iphoneos*]" = "iPhone Developer";
				COPY_PHASE_STRIP = NO;
				DEBUG_INFORMATION_FORMAT = "dwarf-with-dsym";
				ENABLE_NS_ASSERTIONS = NO;
				ENABLE_STRICT_OBJC_MSGSEND = YES;
				GCC_C_LANGUAGE_STANDARD = gnu99;
				GCC_NO_COMMON_BLOCKS = YES;
				GCC_WARN_64_TO_32_BIT_CONVERSION = YES;
				GCC_WARN_ABOUT_RETURN_TYPE = YES_ERROR;
				GCC_WARN_UNDECLARED_SELECTOR = YES;
				GCC_WARN_UNINITIALIZED_AUTOS = YES_AGGRESSIVE;
				GCC_WARN_UNUSED_FUNCTION = YES;
				GCC_WARN_UNUSED_VARIABLE = YES;
				IPHONEOS_DEPLOYMENT_TARGET = 10.3;
				MTL_ENABLE_DEBUG_INFO = NO;
				SDKROOT = iphoneos;
				SWIFT_OPTIMIZATION_LEVEL = "-Owholemodule";
				VALIDATE_PRODUCT = YES;
			};
			name = Release;
		};
		5F6416E81EBFDE8100683F80 /* Debug */ = {
			isa = XCBuildConfiguration;
			baseConfigurationReference = DDB7002284E360D02A4583F0 /* Pods-Budget.debug.xcconfig */;
			buildSettings = {
				ASSETCATALOG_COMPILER_APPICON_NAME = AppIcon;
				CLANG_ENABLE_MODULES = YES;
				DEVELOPMENT_TEAM = 8YCPCF4H7X;
				INFOPLIST_FILE = Budget/Info.plist;
				IPHONEOS_DEPLOYMENT_TARGET = 10.0;
				LD_RUNPATH_SEARCH_PATHS = "$(inherited) @executable_path/Frameworks";
				PRODUCT_BUNDLE_IDENTIFIER = com.MarcusNg.Budget;
				PRODUCT_NAME = "$(TARGET_NAME)";
				SWIFT_OBJC_BRIDGING_HEADER = "Budget-Bridging-Header.h";
				SWIFT_OPTIMIZATION_LEVEL = "-Onone";
				SWIFT_VERSION = 3.0;
			};
			name = Debug;
		};
		5F6416E91EBFDE8100683F80 /* Release */ = {
			isa = XCBuildConfiguration;
			baseConfigurationReference = BF3B414E82D971E0A483420F /* Pods-Budget.release.xcconfig */;
			buildSettings = {
				ASSETCATALOG_COMPILER_APPICON_NAME = AppIcon;
				CLANG_ENABLE_MODULES = YES;
				DEVELOPMENT_TEAM = 8YCPCF4H7X;
				INFOPLIST_FILE = Budget/Info.plist;
				IPHONEOS_DEPLOYMENT_TARGET = 10.0;
				LD_RUNPATH_SEARCH_PATHS = "$(inherited) @executable_path/Frameworks";
				PRODUCT_BUNDLE_IDENTIFIER = com.MarcusNg.Budget;
				PRODUCT_NAME = "$(TARGET_NAME)";
				SWIFT_OBJC_BRIDGING_HEADER = "Budget-Bridging-Header.h";
				SWIFT_VERSION = 3.0;
			};
			name = Release;
		};
/* End XCBuildConfiguration section */

/* Begin XCConfigurationList section */
		5F6416CD1EBFDE8100683F80 /* Build configuration list for PBXProject "Budget" */ = {
			isa = XCConfigurationList;
			buildConfigurations = (
				5F6416E51EBFDE8100683F80 /* Debug */,
				5F6416E61EBFDE8100683F80 /* Release */,
			);
			defaultConfigurationIsVisible = 0;
			defaultConfigurationName = Release;
		};
		5F6416E71EBFDE8100683F80 /* Build configuration list for PBXNativeTarget "Budget" */ = {
			isa = XCConfigurationList;
			buildConfigurations = (
				5F6416E81EBFDE8100683F80 /* Debug */,
				5F6416E91EBFDE8100683F80 /* Release */,
			);
			defaultConfigurationIsVisible = 0;
			defaultConfigurationName = Release;
		};
/* End XCConfigurationList section */
	};
	rootObject = 5F6416CA1EBFDE8100683F80 /* Project object */;
}
